// !$*UTF8*$!
{
	archiveVersion = 1;
	classes = {
	};
	objectVersion = 56;
	objects = {

/* Begin PBXBuildFile section */
		D3B41EF32A5C1CE700E314D9 /* designsPracticeApp.swift in Sources */ = {isa = PBXBuildFile; fileRef = D3B41EF22A5C1CE700E314D9 /* designsPracticeApp.swift */; };
		D3B41EF52A5C1CE700E314D9 /* ContentView.swift in Sources */ = {isa = PBXBuildFile; fileRef = D3B41EF42A5C1CE700E314D9 /* ContentView.swift */; };
		D3B41EF72A5C1CE800E314D9 /* Assets.xcassets in Resources */ = {isa = PBXBuildFile; fileRef = D3B41EF62A5C1CE800E314D9 /* Assets.xcassets */; };
		D3B41EFA2A5C1CE800E314D9 /* Preview Assets.xcassets in Resources */ = {isa = PBXBuildFile; fileRef = D3B41EF92A5C1CE800E314D9 /* Preview Assets.xcassets */; };
		D3B41F042A5C1CE800E314D9 /* designsPracticeTests.swift in Sources */ = {isa = PBXBuildFile; fileRef = D3B41F032A5C1CE800E314D9 /* designsPracticeTests.swift */; };
		D3B41F0E2A5C1CE800E314D9 /* designsPracticeUITests.swift in Sources */ = {isa = PBXBuildFile; fileRef = D3B41F0D2A5C1CE800E314D9 /* designsPracticeUITests.swift */; };
		D3B41F102A5C1CE800E314D9 /* designsPracticeUITestsLaunchTests.swift in Sources */ = {isa = PBXBuildFile; fileRef = D3B41F0F2A5C1CE800E314D9 /* designsPracticeUITestsLaunchTests.swift */; };
		D3B41F1E2A5C1D6800E314D9 /* DragGesture.swift in Sources */ = {isa = PBXBuildFile; fileRef = D3B41F1D2A5C1D6800E314D9 /* DragGesture.swift */; };
		D3B41F1F2A5C1D6800E314D9 /* DragGesture.swift in Sources */ = {isa = PBXBuildFile; fileRef = D3B41F1D2A5C1D6800E314D9 /* DragGesture.swift */; };
		D3B41F222A5C63DD00E314D9 /* Rotation.swift in Sources */ = {isa = PBXBuildFile; fileRef = D3B41F212A5C63DD00E314D9 /* Rotation.swift */; };
		D3B41F232A5C63DD00E314D9 /* Rotation.swift in Sources */ = {isa = PBXBuildFile; fileRef = D3B41F212A5C63DD00E314D9 /* Rotation.swift */; };
		D3B41F262A5C65F000E314D9 /* CircularProgress.swift in Sources */ = {isa = PBXBuildFile; fileRef = D3B41F252A5C65F000E314D9 /* CircularProgress.swift */; };
		D3B41F272A5C65F000E314D9 /* CircularProgress.swift in Sources */ = {isa = PBXBuildFile; fileRef = D3B41F252A5C65F000E314D9 /* CircularProgress.swift */; };
		D3B41F282A5C65F000E314D9 /* CircularProgress.swift in Sources */ = {isa = PBXBuildFile; fileRef = D3B41F252A5C65F000E314D9 /* CircularProgress.swift */; };
		D3BDF8E22A5F01C00057D882 /* Shake.swift in Sources */ = {isa = PBXBuildFile; fileRef = D3BDF8E12A5F01C00057D882 /* Shake.swift */; };
		D3BDF8E32A5F01C00057D882 /* Shake.swift in Sources */ = {isa = PBXBuildFile; fileRef = D3BDF8E12A5F01C00057D882 /* Shake.swift */; };
		D3BDF8E62A5F01FD0057D882 /* FlipCardView.swift in Sources */ = {isa = PBXBuildFile; fileRef = D3BDF8E52A5F01FD0057D882 /* FlipCardView.swift */; };
		D3BDF8E72A5F01FD0057D882 /* FlipCardView.swift in Sources */ = {isa = PBXBuildFile; fileRef = D3BDF8E52A5F01FD0057D882 /* FlipCardView.swift */; };
		D3BDF8E92A5F02900057D882 /* AnimatedMenuView.swift in Sources */ = {isa = PBXBuildFile; fileRef = D3BDF8E82A5F02900057D882 /* AnimatedMenuView.swift */; };
		D3BDF8EA2A5F02900057D882 /* AnimatedMenuView.swift in Sources */ = {isa = PBXBuildFile; fileRef = D3BDF8E82A5F02900057D882 /* AnimatedMenuView.swift */; };
		D3BDF8ED2A5F02C40057D882 /* ProgressBarView.swift in Sources */ = {isa = PBXBuildFile; fileRef = D3BDF8EC2A5F02C40057D882 /* ProgressBarView.swift */; };
		D3BDF8EE2A5F02C40057D882 /* ProgressBarView.swift in Sources */ = {isa = PBXBuildFile; fileRef = D3BDF8EC2A5F02C40057D882 /* ProgressBarView.swift */; };
		D3BDF8F12A5F031E0057D882 /* TextAppearAnimation.swift in Sources */ = {isa = PBXBuildFile; fileRef = D3BDF8F02A5F031E0057D882 /* TextAppearAnimation.swift */; };
		D3BDF8F22A5F031E0057D882 /* TextAppearAnimation.swift in Sources */ = {isa = PBXBuildFile; fileRef = D3BDF8F02A5F031E0057D882 /* TextAppearAnimation.swift */; };
		D3BDF8F52A5F03960057D882 /* ScrollAnimation.swift in Sources */ = {isa = PBXBuildFile; fileRef = D3BDF8F42A5F03960057D882 /* ScrollAnimation.swift */; };
		D3BDF8F62A5F03960057D882 /* ScrollAnimation.swift in Sources */ = {isa = PBXBuildFile; fileRef = D3BDF8F42A5F03960057D882 /* ScrollAnimation.swift */; };
		D3BDF8F92A5F03D30057D882 /* MovingObjects.swift in Sources */ = {isa = PBXBuildFile; fileRef = D3BDF8F82A5F03D30057D882 /* MovingObjects.swift */; };
		D3BDF8FA2A5F03D30057D882 /* MovingObjects.swift in Sources */ = {isa = PBXBuildFile; fileRef = D3BDF8F82A5F03D30057D882 /* MovingObjects.swift */; };
/* End PBXBuildFile section */

/* Begin PBXContainerItemProxy section */
		D3B41F002A5C1CE800E314D9 /* PBXContainerItemProxy */ = {
			isa = PBXContainerItemProxy;
			containerPortal = D3B41EE72A5C1CE700E314D9 /* Project object */;
			proxyType = 1;
			remoteGlobalIDString = D3B41EEE2A5C1CE700E314D9;
			remoteInfo = designsPractice;
		};
		D3B41F0A2A5C1CE800E314D9 /* PBXContainerItemProxy */ = {
			isa = PBXContainerItemProxy;
			containerPortal = D3B41EE72A5C1CE700E314D9 /* Project object */;
			proxyType = 1;
			remoteGlobalIDString = D3B41EEE2A5C1CE700E314D9;
			remoteInfo = designsPractice;
		};
/* End PBXContainerItemProxy section */

/* Begin PBXFileReference section */
		D3B41EEF2A5C1CE700E314D9 /* designsPractice.app */ = {isa = PBXFileReference; explicitFileType = wrapper.application; includeInIndex = 0; path = designsPractice.app; sourceTree = BUILT_PRODUCTS_DIR; };
		D3B41EF22A5C1CE700E314D9 /* designsPracticeApp.swift */ = {isa = PBXFileReference; lastKnownFileType = sourcecode.swift; path = designsPracticeApp.swift; sourceTree = "<group>"; };
		D3B41EF42A5C1CE700E314D9 /* ContentView.swift */ = {isa = PBXFileReference; lastKnownFileType = sourcecode.swift; path = ContentView.swift; sourceTree = "<group>"; };
		D3B41EF62A5C1CE800E314D9 /* Assets.xcassets */ = {isa = PBXFileReference; lastKnownFileType = folder.assetcatalog; path = Assets.xcassets; sourceTree = "<group>"; };
		D3B41EF92A5C1CE800E314D9 /* Preview Assets.xcassets */ = {isa = PBXFileReference; lastKnownFileType = folder.assetcatalog; path = "Preview Assets.xcassets"; sourceTree = "<group>"; };
		D3B41EFF2A5C1CE800E314D9 /* designsPracticeTests.xctest */ = {isa = PBXFileReference; explicitFileType = wrapper.cfbundle; includeInIndex = 0; path = designsPracticeTests.xctest; sourceTree = BUILT_PRODUCTS_DIR; };
		D3B41F032A5C1CE800E314D9 /* designsPracticeTests.swift */ = {isa = PBXFileReference; lastKnownFileType = sourcecode.swift; path = designsPracticeTests.swift; sourceTree = "<group>"; };
		D3B41F092A5C1CE800E314D9 /* designsPracticeUITests.xctest */ = {isa = PBXFileReference; explicitFileType = wrapper.cfbundle; includeInIndex = 0; path = designsPracticeUITests.xctest; sourceTree = BUILT_PRODUCTS_DIR; };
		D3B41F0D2A5C1CE800E314D9 /* designsPracticeUITests.swift */ = {isa = PBXFileReference; lastKnownFileType = sourcecode.swift; path = designsPracticeUITests.swift; sourceTree = "<group>"; };
		D3B41F0F2A5C1CE800E314D9 /* designsPracticeUITestsLaunchTests.swift */ = {isa = PBXFileReference; lastKnownFileType = sourcecode.swift; path = designsPracticeUITestsLaunchTests.swift; sourceTree = "<group>"; };
		D3B41F1D2A5C1D6800E314D9 /* DragGesture.swift */ = {isa = PBXFileReference; lastKnownFileType = sourcecode.swift; path = DragGesture.swift; sourceTree = "<group>"; };
		D3B41F212A5C63DD00E314D9 /* Rotation.swift */ = {isa = PBXFileReference; lastKnownFileType = sourcecode.swift; path = Rotation.swift; sourceTree = "<group>"; };
		D3B41F252A5C65F000E314D9 /* CircularProgress.swift */ = {isa = PBXFileReference; lastKnownFileType = sourcecode.swift; path = CircularProgress.swift; sourceTree = "<group>"; };
		D3BDF8E12A5F01C00057D882 /* Shake.swift */ = {isa = PBXFileReference; lastKnownFileType = sourcecode.swift; path = Shake.swift; sourceTree = "<group>"; };
		D3BDF8E52A5F01FD0057D882 /* FlipCardView.swift */ = {isa = PBXFileReference; lastKnownFileType = sourcecode.swift; path = FlipCardView.swift; sourceTree = "<group>"; };
		D3BDF8E82A5F02900057D882 /* AnimatedMenuView.swift */ = {isa = PBXFileReference; lastKnownFileType = sourcecode.swift; path = AnimatedMenuView.swift; sourceTree = "<group>"; };
		D3BDF8EC2A5F02C40057D882 /* ProgressBarView.swift */ = {isa = PBXFileReference; lastKnownFileType = sourcecode.swift; path = ProgressBarView.swift; sourceTree = "<group>"; };
		D3BDF8F02A5F031E0057D882 /* TextAppearAnimation.swift */ = {isa = PBXFileReference; lastKnownFileType = sourcecode.swift; path = TextAppearAnimation.swift; sourceTree = "<group>"; };
		D3BDF8F42A5F03960057D882 /* ScrollAnimation.swift */ = {isa = PBXFileReference; lastKnownFileType = sourcecode.swift; path = ScrollAnimation.swift; sourceTree = "<group>"; };
		D3BDF8F82A5F03D30057D882 /* MovingObjects.swift */ = {isa = PBXFileReference; lastKnownFileType = sourcecode.swift; path = MovingObjects.swift; sourceTree = "<group>"; };
/* End PBXFileReference section */

/* Begin PBXFrameworksBuildPhase section */
		D3B41EEC2A5C1CE700E314D9 /* Frameworks */ = {
			isa = PBXFrameworksBuildPhase;
			buildActionMask = 2147483647;
			files = (
			);
			runOnlyForDeploymentPostprocessing = 0;
		};
		D3B41EFC2A5C1CE800E314D9 /* Frameworks */ = {
			isa = PBXFrameworksBuildPhase;
			buildActionMask = 2147483647;
			files = (
			);
			runOnlyForDeploymentPostprocessing = 0;
		};
		D3B41F062A5C1CE800E314D9 /* Frameworks */ = {
			isa = PBXFrameworksBuildPhase;
			buildActionMask = 2147483647;
			files = (
			);
			runOnlyForDeploymentPostprocessing = 0;
		};
/* End PBXFrameworksBuildPhase section */

/* Begin PBXGroup section */
		D3B41EE62A5C1CE700E314D9 = {
			isa = PBXGroup;
			children = (
				D3B41EF12A5C1CE700E314D9 /* designsPractice */,
				D3B41F022A5C1CE800E314D9 /* designsPracticeTests */,
				D3B41F0C2A5C1CE800E314D9 /* designsPracticeUITests */,
				D3B41EF02A5C1CE700E314D9 /* Products */,
			);
			sourceTree = "<group>";
		};
		D3B41EF02A5C1CE700E314D9 /* Products */ = {
			isa = PBXGroup;
			children = (
				D3B41EEF2A5C1CE700E314D9 /* designsPractice.app */,
				D3B41EFF2A5C1CE800E314D9 /* designsPracticeTests.xctest */,
				D3B41F092A5C1CE800E314D9 /* designsPracticeUITests.xctest */,
			);
			name = Products;
			sourceTree = "<group>";
		};
		D3B41EF12A5C1CE700E314D9 /* designsPractice */ = {
			isa = PBXGroup;
			children = (
				D3BDF8F72A5F03C30057D882 /* MovingObjects */,
				D3BDF8F32A5F03790057D882 /* ScrollAnimation */,
				D3BDF8EF2A5F03080057D882 /* TextAnimation */,
				D3BDF8EB2A5F02AB0057D882 /* ProgressBar */,
				D3BDF8E42A5F01EB0057D882 /* FlipCard */,
				D3BDF8E02A5F01AE0057D882 /* Shake */,
				D3B41F242A5C65C800E314D9 /* CircularProgress */,
				D3B41F202A5C63C300E314D9 /* Rotation */,
				D3B41F1C2A5C1D4400E314D9 /* DragGesture */,
				D3B41EF22A5C1CE700E314D9 /* designsPracticeApp.swift */,
				D3B41EF42A5C1CE700E314D9 /* ContentView.swift */,
				D3B41EF62A5C1CE800E314D9 /* Assets.xcassets */,
				D3B41EF82A5C1CE800E314D9 /* Preview Content */,
				D3BDF8E82A5F02900057D882 /* AnimatedMenuView.swift */,
			);
			path = designsPractice;
			sourceTree = "<group>";
		};
		D3B41EF82A5C1CE800E314D9 /* Preview Content */ = {
			isa = PBXGroup;
			children = (
				D3B41EF92A5C1CE800E314D9 /* Preview Assets.xcassets */,
			);
			path = "Preview Content";
			sourceTree = "<group>";
		};
		D3B41F022A5C1CE800E314D9 /* designsPracticeTests */ = {
			isa = PBXGroup;
			children = (
				D3B41F032A5C1CE800E314D9 /* designsPracticeTests.swift */,
			);
			path = designsPracticeTests;
			sourceTree = "<group>";
		};
		D3B41F0C2A5C1CE800E314D9 /* designsPracticeUITests */ = {
			isa = PBXGroup;
			children = (
				D3B41F0D2A5C1CE800E314D9 /* designsPracticeUITests.swift */,
				D3B41F0F2A5C1CE800E314D9 /* designsPracticeUITestsLaunchTests.swift */,
			);
			path = designsPracticeUITests;
			sourceTree = "<group>";
		};
		D3B41F1C2A5C1D4400E314D9 /* DragGesture */ = {
			isa = PBXGroup;
			children = (
				D3B41F1D2A5C1D6800E314D9 /* DragGesture.swift */,
			);
			path = DragGesture;
			sourceTree = "<group>";
		};
		D3B41F202A5C63C300E314D9 /* Rotation */ = {
			isa = PBXGroup;
			children = (
				D3B41F212A5C63DD00E314D9 /* Rotation.swift */,
			);
			path = Rotation;
			sourceTree = "<group>";
		};
		D3B41F242A5C65C800E314D9 /* CircularProgress */ = {
			isa = PBXGroup;
			children = (
				D3B41F252A5C65F000E314D9 /* CircularProgress.swift */,
			);
			path = CircularProgress;
			sourceTree = "<group>";
		};
		D3BDF8E02A5F01AE0057D882 /* Shake */ = {
			isa = PBXGroup;
			children = (
				D3BDF8E12A5F01C00057D882 /* Shake.swift */,
			);
			path = Shake;
			sourceTree = "<group>";
		};
		D3BDF8E42A5F01EB0057D882 /* FlipCard */ = {
			isa = PBXGroup;
			children = (
				D3BDF8E52A5F01FD0057D882 /* FlipCardView.swift */,
			);
			path = FlipCard;
			sourceTree = "<group>";
		};
		D3BDF8EB2A5F02AB0057D882 /* ProgressBar */ = {
			isa = PBXGroup;
			children = (
				D3BDF8EC2A5F02C40057D882 /* ProgressBarView.swift */,
			);
			path = ProgressBar;
			sourceTree = "<group>";
		};
		D3BDF8EF2A5F03080057D882 /* TextAnimation */ = {
			isa = PBXGroup;
			children = (
				D3BDF8F02A5F031E0057D882 /* TextAppearAnimation.swift */,
			);
			path = TextAnimation;
			sourceTree = "<group>";
		};
		D3BDF8F32A5F03790057D882 /* ScrollAnimation */ = {
			isa = PBXGroup;
			children = (
				D3BDF8F42A5F03960057D882 /* ScrollAnimation.swift */,
			);
			path = ScrollAnimation;
			sourceTree = "<group>";
		};
		D3BDF8F72A5F03C30057D882 /* MovingObjects */ = {
			isa = PBXGroup;
			children = (
				D3BDF8F82A5F03D30057D882 /* MovingObjects.swift */,
			);
			path = MovingObjects;
			sourceTree = "<group>";
		};
/* End PBXGroup section */

/* Begin PBXNativeTarget section */
		D3B41EEE2A5C1CE700E314D9 /* designsPractice */ = {
			isa = PBXNativeTarget;
			buildConfigurationList = D3B41F132A5C1CE800E314D9 /* Build configuration list for PBXNativeTarget "designsPractice" */;
			buildPhases = (
				D3B41EEB2A5C1CE700E314D9 /* Sources */,
				D3B41EEC2A5C1CE700E314D9 /* Frameworks */,
				D3B41EED2A5C1CE700E314D9 /* Resources */,
			);
			buildRules = (
			);
			dependencies = (
			);
			name = designsPractice;
			productName = designsPractice;
			productReference = D3B41EEF2A5C1CE700E314D9 /* designsPractice.app */;
			productType = "com.apple.product-type.application";
		};
		D3B41EFE2A5C1CE800E314D9 /* designsPracticeTests */ = {
			isa = PBXNativeTarget;
			buildConfigurationList = D3B41F162A5C1CE800E314D9 /* Build configuration list for PBXNativeTarget "designsPracticeTests" */;
			buildPhases = (
				D3B41EFB2A5C1CE800E314D9 /* Sources */,
				D3B41EFC2A5C1CE800E314D9 /* Frameworks */,
				D3B41EFD2A5C1CE800E314D9 /* Resources */,
			);
			buildRules = (
			);
			dependencies = (
				D3B41F012A5C1CE800E314D9 /* PBXTargetDependency */,
			);
			name = designsPracticeTests;
			productName = designsPracticeTests;
			productReference = D3B41EFF2A5C1CE800E314D9 /* designsPracticeTests.xctest */;
			productType = "com.apple.product-type.bundle.unit-test";
		};
		D3B41F082A5C1CE800E314D9 /* designsPracticeUITests */ = {
			isa = PBXNativeTarget;
			buildConfigurationList = D3B41F192A5C1CE800E314D9 /* Build configuration list for PBXNativeTarget "designsPracticeUITests" */;
			buildPhases = (
				D3B41F052A5C1CE800E314D9 /* Sources */,
				D3B41F062A5C1CE800E314D9 /* Frameworks */,
				D3B41F072A5C1CE800E314D9 /* Resources */,
			);
			buildRules = (
			);
			dependencies = (
				D3B41F0B2A5C1CE800E314D9 /* PBXTargetDependency */,
			);
			name = designsPracticeUITests;
			productName = designsPracticeUITests;
			productReference = D3B41F092A5C1CE800E314D9 /* designsPracticeUITests.xctest */;
			productType = "com.apple.product-type.bundle.ui-testing";
		};
/* End PBXNativeTarget section */

/* Begin PBXProject section */
		D3B41EE72A5C1CE700E314D9 /* Project object */ = {
			isa = PBXProject;
			attributes = {
				BuildIndependentTargetsInParallel = 1;
				LastSwiftUpdateCheck = 1420;
				LastUpgradeCheck = 1420;
				TargetAttributes = {
					D3B41EEE2A5C1CE700E314D9 = {
						CreatedOnToolsVersion = 14.2;
					};
					D3B41EFE2A5C1CE800E314D9 = {
						CreatedOnToolsVersion = 14.2;
						TestTargetID = D3B41EEE2A5C1CE700E314D9;
					};
					D3B41F082A5C1CE800E314D9 = {
						CreatedOnToolsVersion = 14.2;
						TestTargetID = D3B41EEE2A5C1CE700E314D9;
					};
				};
			};
			buildConfigurationList = D3B41EEA2A5C1CE700E314D9 /* Build configuration list for PBXProject "designsPractice" */;
			compatibilityVersion = "Xcode 14.0";
			developmentRegion = en;
			hasScannedForEncodings = 0;
			knownRegions = (
				en,
				Base,
			);
			mainGroup = D3B41EE62A5C1CE700E314D9;
			productRefGroup = D3B41EF02A5C1CE700E314D9 /* Products */;
			projectDirPath = "";
			projectRoot = "";
			targets = (
				D3B41EEE2A5C1CE700E314D9 /* designsPractice */,
				D3B41EFE2A5C1CE800E314D9 /* designsPracticeTests */,
				D3B41F082A5C1CE800E314D9 /* designsPracticeUITests */,
			);
		};
/* End PBXProject section */

/* Begin PBXResourcesBuildPhase section */
		D3B41EED2A5C1CE700E314D9 /* Resources */ = {
			isa = PBXResourcesBuildPhase;
			buildActionMask = 2147483647;
			files = (
				D3B41EFA2A5C1CE800E314D9 /* Preview Assets.xcassets in Resources */,
				D3B41EF72A5C1CE800E314D9 /* Assets.xcassets in Resources */,
			);
			runOnlyForDeploymentPostprocessing = 0;
		};
		D3B41EFD2A5C1CE800E314D9 /* Resources */ = {
			isa = PBXResourcesBuildPhase;
			buildActionMask = 2147483647;
			files = (
			);
			runOnlyForDeploymentPostprocessing = 0;
		};
		D3B41F072A5C1CE800E314D9 /* Resources */ = {
			isa = PBXResourcesBuildPhase;
			buildActionMask = 2147483647;
			files = (
			);
			runOnlyForDeploymentPostprocessing = 0;
		};
/* End PBXResourcesBuildPhase section */

/* Begin PBXSourcesBuildPhase section */
		D3B41EEB2A5C1CE700E314D9 /* Sources */ = {
			isa = PBXSourcesBuildPhase;
			buildActionMask = 2147483647;
			files = (
				D3BDF8F92A5F03D30057D882 /* MovingObjects.swift in Sources */,
				D3BDF8F52A5F03960057D882 /* ScrollAnimation.swift in Sources */,
				D3BDF8F12A5F031E0057D882 /* TextAppearAnimation.swift in Sources */,
				D3B41F262A5C65F000E314D9 /* CircularProgress.swift in Sources */,
				D3BDF8ED2A5F02C40057D882 /* ProgressBarView.swift in Sources */,
				D3B41EF52A5C1CE700E314D9 /* ContentView.swift in Sources */,
				D3BDF8E22A5F01C00057D882 /* Shake.swift in Sources */,
				D3B41F222A5C63DD00E314D9 /* Rotation.swift in Sources */,
				D3BDF8E92A5F02900057D882 /* AnimatedMenuView.swift in Sources */,
				D3BDF8E62A5F01FD0057D882 /* FlipCardView.swift in Sources */,
				D3B41EF32A5C1CE700E314D9 /* designsPracticeApp.swift in Sources */,
				D3B41F1E2A5C1D6800E314D9 /* DragGesture.swift in Sources */,
			);
			runOnlyForDeploymentPostprocessing = 0;
		};
		D3B41EFB2A5C1CE800E314D9 /* Sources */ = {
			isa = PBXSourcesBuildPhase;
			buildActionMask = 2147483647;
			files = (
				D3B41F042A5C1CE800E314D9 /* designsPracticeTests.swift in Sources */,
				D3B41F272A5C65F000E314D9 /* CircularProgress.swift in Sources */,
			);
			runOnlyForDeploymentPostprocessing = 0;
		};
		D3B41F052A5C1CE800E314D9 /* Sources */ = {
			isa = PBXSourcesBuildPhase;
			buildActionMask = 2147483647;
			files = (
				D3BDF8FA2A5F03D30057D882 /* MovingObjects.swift in Sources */,
				D3BDF8F62A5F03960057D882 /* ScrollAnimation.swift in Sources */,
				D3BDF8F22A5F031E0057D882 /* TextAppearAnimation.swift in Sources */,
				D3B41F282A5C65F000E314D9 /* CircularProgress.swift in Sources */,
				D3BDF8EE2A5F02C40057D882 /* ProgressBarView.swift in Sources */,
				D3B41F0E2A5C1CE800E314D9 /* designsPracticeUITests.swift in Sources */,
				D3BDF8E32A5F01C00057D882 /* Shake.swift in Sources */,
				D3B41F232A5C63DD00E314D9 /* Rotation.swift in Sources */,
				D3BDF8EA2A5F02900057D882 /* AnimatedMenuView.swift in Sources */,
				D3BDF8E72A5F01FD0057D882 /* FlipCardView.swift in Sources */,
				D3B41F102A5C1CE800E314D9 /* designsPracticeUITestsLaunchTests.swift in Sources */,
				D3B41F1F2A5C1D6800E314D9 /* DragGesture.swift in Sources */,
			);
			runOnlyForDeploymentPostprocessing = 0;
		};
/* End PBXSourcesBuildPhase section */

/* Begin PBXTargetDependency section */
		D3B41F012A5C1CE800E314D9 /* PBXTargetDependency */ = {
			isa = PBXTargetDependency;
			target = D3B41EEE2A5C1CE700E314D9 /* designsPractice */;
			targetProxy = D3B41F002A5C1CE800E314D9 /* PBXContainerItemProxy */;
		};
		D3B41F0B2A5C1CE800E314D9 /* PBXTargetDependency */ = {
			isa = PBXTargetDependency;
			target = D3B41EEE2A5C1CE700E314D9 /* designsPractice */;
			targetProxy = D3B41F0A2A5C1CE800E314D9 /* PBXContainerItemProxy */;
		};
/* End PBXTargetDependency section */

/* Begin XCBuildConfiguration section */
		D3B41F112A5C1CE800E314D9 /* Debug */ = {
			isa = XCBuildConfiguration;
			buildSettings = {
				ALWAYS_SEARCH_USER_PATHS = NO;
				CLANG_ANALYZER_NONNULL = YES;
				CLANG_ANALYZER_NUMBER_OBJECT_CONVERSION = YES_AGGRESSIVE;
				CLANG_CXX_LANGUAGE_STANDARD = "gnu++20";
				CLANG_ENABLE_MODULES = YES;
				CLANG_ENABLE_OBJC_ARC = YES;
				CLANG_ENABLE_OBJC_WEAK = YES;
				CLANG_WARN_BLOCK_CAPTURE_AUTORELEASING = YES;
				CLANG_WARN_BOOL_CONVERSION = YES;
				CLANG_WARN_COMMA = YES;
				CLANG_WARN_CONSTANT_CONVERSION = YES;
				CLANG_WARN_DEPRECATED_OBJC_IMPLEMENTATIONS = YES;
				CLANG_WARN_DIRECT_OBJC_ISA_USAGE = YES_ERROR;
				CLANG_WARN_DOCUMENTATION_COMMENTS = YES;
				CLANG_WARN_EMPTY_BODY = YES;
				CLANG_WARN_ENUM_CONVERSION = YES;
				CLANG_WARN_INFINITE_RECURSION = YES;
				CLANG_WARN_INT_CONVERSION = YES;
				CLANG_WARN_NON_LITERAL_NULL_CONVERSION = YES;
				CLANG_WARN_OBJC_IMPLICIT_RETAIN_SELF = YES;
				CLANG_WARN_OBJC_LITERAL_CONVERSION = YES;
				CLANG_WARN_OBJC_ROOT_CLASS = YES_ERROR;
				CLANG_WARN_QUOTED_INCLUDE_IN_FRAMEWORK_HEADER = YES;
				CLANG_WARN_RANGE_LOOP_ANALYSIS = YES;
				CLANG_WARN_STRICT_PROTOTYPES = YES;
				CLANG_WARN_SUSPICIOUS_MOVE = YES;
				CLANG_WARN_UNGUARDED_AVAILABILITY = YES_AGGRESSIVE;
				CLANG_WARN_UNREACHABLE_CODE = YES;
				CLANG_WARN__DUPLICATE_METHOD_MATCH = YES;
				COPY_PHASE_STRIP = NO;
				DEBUG_INFORMATION_FORMAT = dwarf;
				ENABLE_STRICT_OBJC_MSGSEND = YES;
				ENABLE_TESTABILITY = YES;
				GCC_C_LANGUAGE_STANDARD = gnu11;
				GCC_DYNAMIC_NO_PIC = NO;
				GCC_NO_COMMON_BLOCKS = YES;
				GCC_OPTIMIZATION_LEVEL = 0;
				GCC_PREPROCESSOR_DEFINITIONS = (
					"DEBUG=1",
					"$(inherited)",
				);
				GCC_WARN_64_TO_32_BIT_CONVERSION = YES;
				GCC_WARN_ABOUT_RETURN_TYPE = YES_ERROR;
				GCC_WARN_UNDECLARED_SELECTOR = YES;
				GCC_WARN_UNINITIALIZED_AUTOS = YES_AGGRESSIVE;
				GCC_WARN_UNUSED_FUNCTION = YES;
				GCC_WARN_UNUSED_VARIABLE = YES;
				IPHONEOS_DEPLOYMENT_TARGET = 16.2;
				MTL_ENABLE_DEBUG_INFO = INCLUDE_SOURCE;
				MTL_FAST_MATH = YES;
				ONLY_ACTIVE_ARCH = YES;
				SDKROOT = iphoneos;
				SWIFT_ACTIVE_COMPILATION_CONDITIONS = DEBUG;
				SWIFT_OPTIMIZATION_LEVEL = "-Onone";
			};
			name = Debug;
		};
		D3B41F122A5C1CE800E314D9 /* Release */ = {
			isa = XCBuildConfiguration;
			buildSettings = {
				ALWAYS_SEARCH_USER_PATHS = NO;
				CLANG_ANALYZER_NONNULL = YES;
				CLANG_ANALYZER_NUMBER_OBJECT_CONVERSION = YES_AGGRESSIVE;
				CLANG_CXX_LANGUAGE_STANDARD = "gnu++20";
				CLANG_ENABLE_MODULES = YES;
				CLANG_ENABLE_OBJC_ARC = YES;
				CLANG_ENABLE_OBJC_WEAK = YES;
				CLANG_WARN_BLOCK_CAPTURE_AUTORELEASING = YES;
				CLANG_WARN_BOOL_CONVERSION = YES;
				CLANG_WARN_COMMA = YES;
				CLANG_WARN_CONSTANT_CONVERSION = YES;
				CLANG_WARN_DEPRECATED_OBJC_IMPLEMENTATIONS = YES;
				CLANG_WARN_DIRECT_OBJC_ISA_USAGE = YES_ERROR;
				CLANG_WARN_DOCUMENTATION_COMMENTS = YES;
				CLANG_WARN_EMPTY_BODY = YES;
				CLANG_WARN_ENUM_CONVERSION = YES;
				CLANG_WARN_INFINITE_RECURSION = YES;
				CLANG_WARN_INT_CONVERSION = YES;
				CLANG_WARN_NON_LITERAL_NULL_CONVERSION = YES;
				CLANG_WARN_OBJC_IMPLICIT_RETAIN_SELF = YES;
				CLANG_WARN_OBJC_LITERAL_CONVERSION = YES;
				CLANG_WARN_OBJC_ROOT_CLASS = YES_ERROR;
				CLANG_WARN_QUOTED_INCLUDE_IN_FRAMEWORK_HEADER = YES;
				CLANG_WARN_RANGE_LOOP_ANALYSIS = YES;
				CLANG_WARN_STRICT_PROTOTYPES = YES;
				CLANG_WARN_SUSPICIOUS_MOVE = YES;
				CLANG_WARN_UNGUARDED_AVAILABILITY = YES_AGGRESSIVE;
				CLANG_WARN_UNREACHABLE_CODE = YES;
				CLANG_WARN__DUPLICATE_METHOD_MATCH = YES;
				COPY_PHASE_STRIP = NO;
				DEBUG_INFORMATION_FORMAT = "dwarf-with-dsym";
				ENABLE_NS_ASSERTIONS = NO;
				ENABLE_STRICT_OBJC_MSGSEND = YES;
				GCC_C_LANGUAGE_STANDARD = gnu11;
				GCC_NO_COMMON_BLOCKS = YES;
				GCC_WARN_64_TO_32_BIT_CONVERSION = YES;
				GCC_WARN_ABOUT_RETURN_TYPE = YES_ERROR;
				GCC_WARN_UNDECLARED_SELECTOR = YES;
				GCC_WARN_UNINITIALIZED_AUTOS = YES_AGGRESSIVE;
				GCC_WARN_UNUSED_FUNCTION = YES;
				GCC_WARN_UNUSED_VARIABLE = YES;
				IPHONEOS_DEPLOYMENT_TARGET = 16.2;
				MTL_ENABLE_DEBUG_INFO = NO;
				MTL_FAST_MATH = YES;
				SDKROOT = iphoneos;
				SWIFT_COMPILATION_MODE = wholemodule;
				SWIFT_OPTIMIZATION_LEVEL = "-O";
				VALIDATE_PRODUCT = YES;
			};
			name = Release;
		};
		D3B41F142A5C1CE800E314D9 /* Debug */ = {
			isa = XCBuildConfiguration;
			buildSettings = {
				ASSETCATALOG_COMPILER_APPICON_NAME = AppIcon;
				ASSETCATALOG_COMPILER_GLOBAL_ACCENT_COLOR_NAME = AccentColor;
				CODE_SIGN_STYLE = Automatic;
				CURRENT_PROJECT_VERSION = 1;
				DEVELOPMENT_ASSET_PATHS = "\"designsPractice/Preview Content\"";
				ENABLE_PREVIEWS = YES;
				GENERATE_INFOPLIST_FILE = YES;
				INFOPLIST_KEY_UIApplicationSceneManifest_Generation = YES;
				INFOPLIST_KEY_UIApplicationSupportsIndirectInputEvents = YES;
				INFOPLIST_KEY_UILaunchScreen_Generation = YES;
				INFOPLIST_KEY_UISupportedInterfaceOrientations_iPad = "UIInterfaceOrientationPortrait UIInterfaceOrientationPortraitUpsideDown UIInterfaceOrientationLandscapeLeft UIInterfaceOrientationLandscapeRight";
				INFOPLIST_KEY_UISupportedInterfaceOrientations_iPhone = "UIInterfaceOrientationPortrait UIInterfaceOrientationLandscapeLeft UIInterfaceOrientationLandscapeRight";
				LD_RUNPATH_SEARCH_PATHS = (
					"$(inherited)",
					"@executable_path/Frameworks",
				);
				MARKETING_VERSION = 1.0;
				PRODUCT_BUNDLE_IDENTIFIER = MarkelJM.designsPractice;
				PRODUCT_NAME = "$(TARGET_NAME)";
				SWIFT_EMIT_LOC_STRINGS = YES;
				SWIFT_VERSION = 5.0;
				TARGETED_DEVICE_FAMILY = "1,2";
			};
			name = Debug;
		};
		D3B41F152A5C1CE800E314D9 /* Release */ = {
			isa = XCBuildConfiguration;
			buildSettings = {
				ASSETCATALOG_COMPILER_APPICON_NAME = AppIcon;
				ASSETCATALOG_COMPILER_GLOBAL_ACCENT_COLOR_NAME = AccentColor;
				CODE_SIGN_STYLE = Automatic;
				CURRENT_PROJECT_VERSION = 1;
				DEVELOPMENT_ASSET_PATHS = "\"designsPractice/Preview Content\"";
				ENABLE_PREVIEWS = YES;
				GENERATE_INFOPLIST_FILE = YES;
				INFOPLIST_KEY_UIApplicationSceneManifest_Generation = YES;
				INFOPLIST_KEY_UIApplicationSupportsIndirectInputEvents = YES;
				INFOPLIST_KEY_UILaunchScreen_Generation = YES;
				INFOPLIST_KEY_UISupportedInterfaceOrientations_iPad = "UIInterfaceOrientationPortrait UIInterfaceOrientationPortraitUpsideDown UIInterfaceOrientationLandscapeLeft UIInterfaceOrientationLandscapeRight";
				INFOPLIST_KEY_UISupportedInterfaceOrientations_iPhone = "UIInterfaceOrientationPortrait UIInterfaceOrientationLandscapeLeft UIInterfaceOrientationLandscapeRight";
				LD_RUNPATH_SEARCH_PATHS = (
					"$(inherited)",
					"@executable_path/Frameworks",
				);
				MARKETING_VERSION = 1.0;
				PRODUCT_BUNDLE_IDENTIFIER = MarkelJM.designsPractice;
				PRODUCT_NAME = "$(TARGET_NAME)";
				SWIFT_EMIT_LOC_STRINGS = YES;
				SWIFT_VERSION = 5.0;
				TARGETED_DEVICE_FAMILY = "1,2";
			};
			name = Release;
		};
		D3B41F172A5C1CE800E314D9 /* Debug */ = {
			isa = XCBuildConfiguration;
			buildSettings = {
				ALWAYS_EMBED_SWIFT_STANDARD_LIBRARIES = YES;
				BUNDLE_LOADER = "$(TEST_HOST)";
				CODE_SIGN_STYLE = Automatic;
				CURRENT_PROJECT_VERSION = 1;
				GENERATE_INFOPLIST_FILE = YES;
				IPHONEOS_DEPLOYMENT_TARGET = 16.2;
				MARKETING_VERSION = 1.0;
				PRODUCT_BUNDLE_IDENTIFIER = MarkelJM.designsPracticeTests;
				PRODUCT_NAME = "$(TARGET_NAME)";
				SWIFT_EMIT_LOC_STRINGS = NO;
				SWIFT_VERSION = 5.0;
				TARGETED_DEVICE_FAMILY = "1,2";
				TEST_HOST = "$(BUILT_PRODUCTS_DIR)/designsPractice.app/$(BUNDLE_EXECUTABLE_FOLDER_PATH)/designsPractice";
			};
			name = Debug;
		};
		D3B41F182A5C1CE800E314D9 /* Release */ = {
			isa = XCBuildConfiguration;
			buildSettings = {
				ALWAYS_EMBED_SWIFT_STANDARD_LIBRARIES = YES;
				BUNDLE_LOADER = "$(TEST_HOST)";
				CODE_SIGN_STYLE = Automatic;
				CURRENT_PROJECT_VERSION = 1;
				GENERATE_INFOPLIST_FILE = YES;
				IPHONEOS_DEPLOYMENT_TARGET = 16.2;
				MARKETING_VERSION = 1.0;
				PRODUCT_BUNDLE_IDENTIFIER = MarkelJM.designsPracticeTests;
				PRODUCT_NAME = "$(TARGET_NAME)";
				SWIFT_EMIT_LOC_STRINGS = NO;
				SWIFT_VERSION = 5.0;
				TARGETED_DEVICE_FAMILY = "1,2";
				TEST_HOST = "$(BUILT_PRODUCTS_DIR)/designsPractice.app/$(BUNDLE_EXECUTABLE_FOLDER_PATH)/designsPractice";
			};
			name = Release;
		};
		D3B41F1A2A5C1CE800E314D9 /* Debug */ = {
			isa = XCBuildConfiguration;
			buildSettings = {
				ALWAYS_EMBED_SWIFT_STANDARD_LIBRARIES = YES;
				CODE_SIGN_STYLE = Automatic;
				CURRENT_PROJECT_VERSION = 1;
				GENERATE_INFOPLIST_FILE = YES;
				MARKETING_VERSION = 1.0;
				PRODUCT_BUNDLE_IDENTIFIER = MarkelJM.designsPracticeUITests;
				PRODUCT_NAME = "$(TARGET_NAME)";
				SWIFT_EMIT_LOC_STRINGS = NO;
				SWIFT_VERSION = 5.0;
				TARGETED_DEVICE_FAMILY = "1,2";
				TEST_TARGET_NAME = designsPractice;
			};
			name = Debug;
		};
		D3B41F1B2A5C1CE800E314D9 /* Release */ = {
			isa = XCBuildConfiguration;
			buildSettings = {
				ALWAYS_EMBED_SWIFT_STANDARD_LIBRARIES = YES;
				CODE_SIGN_STYLE = Automatic;
				CURRENT_PROJECT_VERSION = 1;
				GENERATE_INFOPLIST_FILE = YES;
				MARKETING_VERSION = 1.0;
				PRODUCT_BUNDLE_IDENTIFIER = MarkelJM.designsPracticeUITests;
				PRODUCT_NAME = "$(TARGET_NAME)";
				SWIFT_EMIT_LOC_STRINGS = NO;
				SWIFT_VERSION = 5.0;
				TARGETED_DEVICE_FAMILY = "1,2";
				TEST_TARGET_NAME = designsPractice;
			};
			name = Release;
		};
/* End XCBuildConfiguration section */

/* Begin XCConfigurationList section */
		D3B41EEA2A5C1CE700E314D9 /* Build configuration list for PBXProject "designsPractice" */ = {
			isa = XCConfigurationList;
			buildConfigurations = (
				D3B41F112A5C1CE800E314D9 /* Debug */,
				D3B41F122A5C1CE800E314D9 /* Release */,
			);
			defaultConfigurationIsVisible = 0;
			defaultConfigurationName = Release;
		};
		D3B41F132A5C1CE800E314D9 /* Build configuration list for PBXNativeTarget "designsPractice" */ = {
			isa = XCConfigurationList;
			buildConfigurations = (
				D3B41F142A5C1CE800E314D9 /* Debug */,
				D3B41F152A5C1CE800E314D9 /* Release */,
			);
			defaultConfigurationIsVisible = 0;
			defaultConfigurationName = Release;
		};
		D3B41F162A5C1CE800E314D9 /* Build configuration list for PBXNativeTarget "designsPracticeTests" */ = {
			isa = XCConfigurationList;
			buildConfigurations = (
				D3B41F172A5C1CE800E314D9 /* Debug */,
				D3B41F182A5C1CE800E314D9 /* Release */,
			);
			defaultConfigurationIsVisible = 0;
			defaultConfigurationName = Release;
		};
		D3B41F192A5C1CE800E314D9 /* Build configuration list for PBXNativeTarget "designsPracticeUITests" */ = {
			isa = XCConfigurationList;
			buildConfigurations = (
				D3B41F1A2A5C1CE800E314D9 /* Debug */,
				D3B41F1B2A5C1CE800E314D9 /* Release */,
			);
			defaultConfigurationIsVisible = 0;
			defaultConfigurationName = Release;
		};
/* End XCConfigurationList section */
	};
	rootObject = D3B41EE72A5C1CE700E314D9 /* Project object */;
}
